{
  "name": "BOHA_SpatialDecisionSupportSystem",
  "lockfileVersion": 3,
  "requires": true,
  "packages": {
    "": {
      "dependencies": {
        "leaflet-knn": "^0.1.0",
        "tabulator-tables": "^5.4.4"
      }
    },
    "node_modules/leaflet-knn": {
      "version": "0.1.0",
      "resolved": "https://registry.npmjs.org/leaflet-knn/-/leaflet-knn-0.1.0.tgz",
      "integrity": "sha512-1gE6xGF5TYWDHA0y0cGSQtqwjlfQFf6thAj60ONtzwyaXM2uMXeKdEJ5QgBawi3ZIrD+X+t4Tfxg6fzl1FTkxQ==",
      "dependencies": {
        "sphere-knn": "~1.2.1"
      }
    },
    "node_modules/sphere-knn": {
      "version": "1.2.1",
      "resolved": "https://registry.npmjs.org/sphere-knn/-/sphere-knn-1.2.1.tgz",
      "integrity": "sha512-xvb5EgXB/Qa0yvbXpOR5f+kRLT0QgBzVfGKcRrr7AODy644S3YcynTrm+vR06t2wc7ZCA18BSNRfgLOp5rZrxA=="
    },
    "node_modules/tabulator-tables": {
      "version": "5.4.4",
      "resolved": "https://registry.npmjs.org/tabulator-tables/-/tabulator-tables-5.4.4.tgz",
      "integrity": "sha512-WqPWLRwrD8UMISUjQqZyj6y9k3ajQBs7eJtRosbt9q8RRkZlYCJYGxLt3L44jEXaQCE5q5EJFbGeDUEDJa1a3w=="
    }
  }
}
